
Microsoft Visual Studio Solution File, Format Version 12.00
# Visual Studio 16
Project("{FAE04EC0-301F-11D3-BF4B-00C04F79EFBC}") = "Assembly-CSharp", "Assembly-CSharp.csproj", "{DC981BBA-F9B4-2390-D2E2-F63F5DAC400E}"
EndProject
Global
	GlobalSection(SolutionConfigurationPlatforms) = preSolution
		Debug|Any CPU = Debug|Any CPU
		Release|Any CPU = Release|Any CPU
	EndGlobalSection
	GlobalSection(ProjectConfigurationPlatforms) = postSolution
		{DC981BBA-F9B4-2390-D2E2-F63F5DAC400E}.Debug|Any CPU.ActiveCfg = Debug|Any CPU
		{DC981BBA-F9B4-2390-D2E2-F63F5DAC400E}.Debug|Any CPU.Build.0 = Debug|Any CPU
		{DC981BBA-F9B4-2390-D2E2-F63F5DAC400E}.Release|Any CPU.ActiveCfg = Release|Any CPU
		{DC981BBA-F9B4-2390-D2E2-F63F5DAC400E}.Release|Any CPU.Build.0 = Release|Any CPU
	EndGlobalSection
	GlobalSection(SolutionProperties) = preSolution
		HideSolutionNode = FALSE
	EndGlobalSection
EndGlobal
